{
    "requires": true,
    "lockfileVersion": 1,
    "dependencies": {
        "vue-datatables-net": {
            "version": "1.6.1",
            "resolved": "https://registry.npmjs.org/vue-datatables-net/-/vue-datatables-net-1.6.1.tgz",
            "integrity": "sha512-7SaGKzaNB5TkBWDfC+WETQcpdGAroVPmnFGGNCWp9GO0a93xAp3/0x9oBLBDPZWuVvzM/b/qdg9Gn1wLjVa0nA=="
        }
    }
}
